
Microsoft Visual Studio Solution File, Format Version 10.00
# Visual C++ Express 2008
Project("{8BC9CEB8-8B4A-11D0-8D11-00A0C91BC942}") = "rdr", "rdr\rdr.vcproj", "{703FAE05-991E-426A-B24D-E67EA1A22658}"
	ProjectSection(ProjectDependencies) = postProject
		{FF990421-DE90-451D-B93B-7F0FBBB8EDC3} = {FF990421-DE90-451D-B93B-7F0FBBB8EDC3}
	EndProjectSection
EndProject
Project("{8BC9CEB8-8B4A-11D0-8D11-00A0C91BC942}") = "zlib", "zlib\zlib.vcproj", "{FF990421-DE90-451D-B93B-7F0FBBB8EDC3}"
EndProject
Project("{8BC9CEB8-8B4A-11D0-8D11-00A0C91BC942}") = "network", "network\network.vcproj", "{DB004EE6-CB55-4ECB-94FF-20B51A029B3E}"
EndProject
Project("{8BC9CEB8-8B4A-11D0-8D11-00A0C91BC942}") = "Xregion", "Xregion\Xregion.vcproj", "{47AB5107-AB5D-4BDD-A5E5-EAB50F21F715}"
EndProject
Project("{8BC9CEB8-8B4A-11D0-8D11-00A0C91BC942}") = "rfb", "rfb\rfb.vcproj", "{186542E1-2E5E-4389-8303-03C55280863F}"
	ProjectSection(ProjectDependencies) = postProject
		{703FAE05-991E-426A-B24D-E67EA1A22658} = {703FAE05-991E-426A-B24D-E67EA1A22658}
		{47AB5107-AB5D-4BDD-A5E5-EAB50F21F715} = {47AB5107-AB5D-4BDD-A5E5-EAB50F21F715}
		{7BC75212-6213-42CC-8624-FC3DD920D5EE} = {7BC75212-6213-42CC-8624-FC3DD920D5EE}
		{9F27505E-3F4D-4D0B-B3D9-29035702DB4A} = {9F27505E-3F4D-4D0B-B3D9-29035702DB4A}
		{083B2871-024D-4D70-BD42-FFB2B3D8DFCD} = {083B2871-024D-4D70-BD42-FFB2B3D8DFCD}
	EndProjectSection
EndProject
Project("{8BC9CEB8-8B4A-11D0-8D11-00A0C91BC942}") = "jpeg", "jpeg\jpeg.vcproj", "{9F27505E-3F4D-4D0B-B3D9-29035702DB4A}"
EndProject
Project("{8BC9CEB8-8B4A-11D0-8D11-00A0C91BC942}") = "rfb_win32", "rfb_win32\rfb_win32.vcproj", "{7BC75212-6213-42CC-8624-FC3DD920D5EE}"
EndProject
Project("{8BC9CEB8-8B4A-11D0-8D11-00A0C91BC942}") = "vncviewer", "vncviewer\vncviewer.vcproj", "{3ABCE242-957A-4AFC-B93E-49FE32E38B4D}"
	ProjectSection(ProjectDependencies) = postProject
		{186542E1-2E5E-4389-8303-03C55280863F} = {186542E1-2E5E-4389-8303-03C55280863F}
		{DB004EE6-CB55-4ECB-94FF-20B51A029B3E} = {DB004EE6-CB55-4ECB-94FF-20B51A029B3E}
	EndProjectSection
EndProject
Project("{8BC9CEB8-8B4A-11D0-8D11-00A0C91BC942}") = "os", "os\os.vcproj", "{083B2871-024D-4D70-BD42-FFB2B3D8DFCD}"
EndProject
Project("{8BC9CEB8-8B4A-11D0-8D11-00A0C91BC942}") = "winvnc", "winvnc\winvnc.vcproj", "{2836E440-1B28-4D6E-B43F-BA96CF4762CC}"
	ProjectSection(ProjectDependencies) = postProject
		{186542E1-2E5E-4389-8303-03C55280863F} = {186542E1-2E5E-4389-8303-03C55280863F}
		{DB004EE6-CB55-4ECB-94FF-20B51A029B3E} = {DB004EE6-CB55-4ECB-94FF-20B51A029B3E}
	EndProjectSection
EndProject
Project("{8BC9CEB8-8B4A-11D0-8D11-00A0C91BC942}") = "vncconfig", "vncconfig\vncconfig.vcproj", "{E20F8153-0324-463D-BEB3-0D1F7316C8B2}"
	ProjectSection(ProjectDependencies) = postProject
		{186542E1-2E5E-4389-8303-03C55280863F} = {186542E1-2E5E-4389-8303-03C55280863F}
		{DB004EE6-CB55-4ECB-94FF-20B51A029B3E} = {DB004EE6-CB55-4ECB-94FF-20B51A029B3E}
	EndProjectSection
EndProject
Global
	GlobalSection(SolutionConfigurationPlatforms) = preSolution
		Debug|Win32 = Debug|Win32
		Release|Win32 = Release|Win32
	EndGlobalSection
	GlobalSection(ProjectConfigurationPlatforms) = postSolution
		{703FAE05-991E-426A-B24D-E67EA1A22658}.Debug|Win32.ActiveCfg = Debug|Win32
		{703FAE05-991E-426A-B24D-E67EA1A22658}.Debug|Win32.Build.0 = Debug|Win32
		{703FAE05-991E-426A-B24D-E67EA1A22658}.Release|Win32.ActiveCfg = Release|Win32
		{703FAE05-991E-426A-B24D-E67EA1A22658}.Release|Win32.Build.0 = Release|Win32
		{FF990421-DE90-451D-B93B-7F0FBBB8EDC3}.Debug|Win32.ActiveCfg = Debug|Win32
		{FF990421-DE90-451D-B93B-7F0FBBB8EDC3}.Debug|Win32.Build.0 = Debug|Win32
		{FF990421-DE90-451D-B93B-7F0FBBB8EDC3}.Release|Win32.ActiveCfg = Release|Win32
		{FF990421-DE90-451D-B93B-7F0FBBB8EDC3}.Release|Win32.Build.0 = Release|Win32
		{DB004EE6-CB55-4ECB-94FF-20B51A029B3E}.Debug|Win32.ActiveCfg = Debug|Win32
		{DB004EE6-CB55-4ECB-94FF-20B51A029B3E}.Debug|Win32.Build.0 = Debug|Win32
		{DB004EE6-CB55-4ECB-94FF-20B51A029B3E}.Release|Win32.ActiveCfg = Release|Win32
		{DB004EE6-CB55-4ECB-94FF-20B51A029B3E}.Release|Win32.Build.0 = Release|Win32
		{47AB5107-AB5D-4BDD-A5E5-EAB50F21F715}.Debug|Win32.ActiveCfg = Debug|Win32
		{47AB5107-AB5D-4BDD-A5E5-EAB50F21F715}.Debug|Win32.Build.0 = Debug|Win32
		{47AB5107-AB5D-4BDD-A5E5-EAB50F21F715}.Release|Win32.ActiveCfg = Release|Win32
		{47AB5107-AB5D-4BDD-A5E5-EAB50F21F715}.Release|Win32.Build.0 = Release|Win32
		{186542E1-2E5E-4389-8303-03C55280863F}.Debug|Win32.ActiveCfg = Debug|Win32
		{186542E1-2E5E-4389-8303-03C55280863F}.Debug|Win32.Build.0 = Debug|Win32
		{186542E1-2E5E-4389-8303-03C55280863F}.Release|Win32.ActiveCfg = Release|Win32
		{186542E1-2E5E-4389-8303-03C55280863F}.Release|Win32.Build.0 = Release|Win32
		{9F27505E-3F4D-4D0B-B3D9-29035702DB4A}.Debug|Win32.ActiveCfg = Debug|Win32
		{9F27505E-3F4D-4D0B-B3D9-29035702DB4A}.Debug|Win32.Build.0 = Debug|Win32
		{9F27505E-3F4D-4D0B-B3D9-29035702DB4A}.Release|Win32.ActiveCfg = Release|Win32
		{9F27505E-3F4D-4D0B-B3D9-29035702DB4A}.Release|Win32.Build.0 = Release|Win32
		{7BC75212-6213-42CC-8624-FC3DD920D5EE}.Debug|Win32.ActiveCfg = Debug|Win32
		{7BC75212-6213-42CC-8624-FC3DD920D5EE}.Debug|Win32.Build.0 = Debug|Win32
		{7BC75212-6213-42CC-8624-FC3DD920D5EE}.Release|Win32.ActiveCfg = Release|Win32
		{7BC75212-6213-42CC-8624-FC3DD920D5EE}.Release|Win32.Build.0 = Release|Win32
		{3ABCE242-957A-4AFC-B93E-49FE32E38B4D}.Debug|Win32.ActiveCfg = Debug|Win32
		{3ABCE242-957A-4AFC-B93E-49FE32E38B4D}.Debug|Win32.Build.0 = Debug|Win32
		{3ABCE242-957A-4AFC-B93E-49FE32E38B4D}.Release|Win32.ActiveCfg = Release|Win32
		{3ABCE242-957A-4AFC-B93E-49FE32E38B4D}.Release|Win32.Build.0 = Release|Win32
		{083B2871-024D-4D70-BD42-FFB2B3D8DFCD}.Debug|Win32.ActiveCfg = Debug|Win32
		{083B2871-024D-4D70-BD42-FFB2B3D8DFCD}.Debug|Win32.Build.0 = Debug|Win32
		{083B2871-024D-4D70-BD42-FFB2B3D8DFCD}.Release|Win32.ActiveCfg = Release|Win32
		{083B2871-024D-4D70-BD42-FFB2B3D8DFCD}.Release|Win32.Build.0 = Release|Win32
		{2836E440-1B28-4D6E-B43F-BA96CF4762CC}.Debug|Win32.ActiveCfg = Debug|Win32
		{2836E440-1B28-4D6E-B43F-BA96CF4762CC}.Debug|Win32.Build.0 = Debug|Win32
		{2836E440-1B28-4D6E-B43F-BA96CF4762CC}.Release|Win32.ActiveCfg = Release|Win32
		{2836E440-1B28-4D6E-B43F-BA96CF4762CC}.Release|Win32.Build.0 = Release|Win32
		{E20F8153-0324-463D-BEB3-0D1F7316C8B2}.Debug|Win32.ActiveCfg = Debug|Win32
		{E20F8153-0324-463D-BEB3-0D1F7316C8B2}.Debug|Win32.Build.0 = Debug|Win32
		{E20F8153-0324-463D-BEB3-0D1F7316C8B2}.Release|Win32.ActiveCfg = Release|Win32
		{E20F8153-0324-463D-BEB3-0D1F7316C8B2}.Release|Win32.Build.0 = Release|Win32
	EndGlobalSection
	GlobalSection(SolutionProperties) = preSolution
		HideSolutionNode = FALSE
	EndGlobalSection
EndGlobal
